
Microsoft Visual Studio Solution File, Format Version 12.00
# Visual Studio Version 16
VisualStudioVersion = 16.0.30114.105
MinimumVisualStudioVersion = 10.0.40219.1
Project("{9A19103F-16F7-4668-BE54-9A1E7A4F7556}") = "Mobile_Store_Catalog_wandio", "Mobile_Store_Catalog_wandio\Mobile_Store_Catalog_wandio.csproj", "{B12E1357-C4D0-46BA-B03B-0EDC0C86045E}"
EndProject
Global
	GlobalSection(SolutionConfigurationPlatforms) = preSolution
		Debug|Any CPU = Debug|Any CPU
		Release|Any CPU = Release|Any CPU
	EndGlobalSection
	GlobalSection(ProjectConfigurationPlatforms) = postSolution
		{B12E1357-C4D0-46BA-B03B-0EDC0C86045E}.Debug|Any CPU.ActiveCfg = Debug|Any CPU
		{B12E1357-C4D0-46BA-B03B-0EDC0C86045E}.Debug|Any CPU.Build.0 = Debug|Any CPU
		{B12E1357-C4D0-46BA-B03B-0EDC0C86045E}.Release|Any CPU.ActiveCfg = Release|Any CPU
		{B12E1357-C4D0-46BA-B03B-0EDC0C86045E}.Release|Any CPU.Build.0 = Release|Any CPU
	EndGlobalSection
	GlobalSection(SolutionProperties) = preSolution
		HideSolutionNode = FALSE
	EndGlobalSection
	GlobalSection(ExtensibilityGlobals) = postSolution
		SolutionGuid = {C1DE9E41-6DF6-4666-8C29-90246D64D0AE}
	EndGlobalSection
EndGlobal
